
Microsoft Visual Studio Solution File, Format Version 12.00
# Visual Studio 2012
Project("{FAE04EC0-301F-11D3-BF4B-00C04F79EFBC}") = "MyBrowser", "MyBrowser\MyBrowser.csproj", "{EA4F2367-DC44-4D59-A817-DD4535142B7F}"
EndProject
Global
	GlobalSection(SolutionConfigurationPlatforms) = preSolution
		Debug|Any CPU = Debug|Any CPU
		Release|Any CPU = Release|Any CPU
	EndGlobalSection
	GlobalSection(ProjectConfigurationPlatforms) = postSolution
		{EA4F2367-DC44-4D59-A817-DD4535142B7F}.Debug|Any CPU.ActiveCfg = Debug|Any CPU
		{EA4F2367-DC44-4D59-A817-DD4535142B7F}.Debug|Any CPU.Build.0 = Debug|Any CPU
		{EA4F2367-DC44-4D59-A817-DD4535142B7F}.Release|Any CPU.ActiveCfg = Release|Any CPU
		{EA4F2367-DC44-4D59-A817-DD4535142B7F}.Release|Any CPU.Build.0 = Release|Any CPU
	EndGlobalSection
	GlobalSection(SolutionProperties) = preSolution
		HideSolutionNode = FALSE
	EndGlobalSection
EndGlobal
